// !$*UTF8*$!
{
	archiveVersion = 1;
	classes = {
	};
	objectVersion = 50;
	objects = {

/* Begin PBXBuildFile section */
		905B3EE720AC045B00C64041 /* AppDelegate.m in Sources */ = {isa = PBXBuildFile; fileRef = 905B3EE620AC045B00C64041 /* AppDelegate.m */; };
		905B3EEA20AC045B00C64041 /* ViewController.m in Sources */ = {isa = PBXBuildFile; fileRef = 905B3EE920AC045B00C64041 /* ViewController.m */; };
		905B3EED20AC045B00C64041 /* Main.storyboard in Resources */ = {isa = PBXBuildFile; fileRef = 905B3EEB20AC045B00C64041 /* Main.storyboard */; };
		905B3EEF20AC045D00C64041 /* Assets.xcassets in Resources */ = {isa = PBXBuildFile; fileRef = 905B3EEE20AC045D00C64041 /* Assets.xcassets */; };
		905B3EF220AC045D00C64041 /* LaunchScreen.storyboard in Resources */ = {isa = PBXBuildFile; fileRef = 905B3EF020AC045D00C64041 /* LaunchScreen.storyboard */; };
		905B3EF520AC045D00C64041 /* main.m in Sources */ = {isa = PBXBuildFile; fileRef = 905B3EF420AC045D00C64041 /* main.m */; };
		905B3EFF20AC045D00C64041 /* CustomUIExtensionNotificationTests.m in Sources */ = {isa = PBXBuildFile; fileRef = 905B3EFE20AC045D00C64041 /* CustomUIExtensionNotificationTests.m */; };
		905B3F0A20AC045D00C64041 /* CustomUIExtensionNotificationUITests.m in Sources */ = {isa = PBXBuildFile; fileRef = 905B3F0920AC045D00C64041 /* CustomUIExtensionNotificationUITests.m */; };
		905B3F1920AC04A400C64041 /* UserNotifications.framework in Frameworks */ = {isa = PBXBuildFile; fileRef = 905B3F1820AC04A400C64041 /* UserNotifications.framework */; };
		905B3F1B20AC04A900C64041 /* UserNotificationsUI.framework in Frameworks */ = {isa = PBXBuildFile; fileRef = 905B3F1A20AC04A900C64041 /* UserNotificationsUI.framework */; };
		905B3F2120AC05E400C64041 /* UserNotifications.framework in Frameworks */ = {isa = PBXBuildFile; fileRef = 905B3F1820AC04A400C64041 /* UserNotifications.framework */; };
		905B3F2220AC05E400C64041 /* UserNotificationsUI.framework in Frameworks */ = {isa = PBXBuildFile; fileRef = 905B3F1A20AC04A900C64041 /* UserNotificationsUI.framework */; };
		905B3F2620AC05E500C64041 /* NotificationViewController.m in Sources */ = {isa = PBXBuildFile; fileRef = 905B3F2520AC05E500C64041 /* NotificationViewController.m */; };
		905B3F2920AC05E500C64041 /* MainInterface.storyboard in Resources */ = {isa = PBXBuildFile; fileRef = 905B3F2720AC05E500C64041 /* MainInterface.storyboard */; };
		905B3F2E20AC05E500C64041 /* extensionNotification.appex in Embed App Extensions */ = {isa = PBXBuildFile; fileRef = 905B3F2020AC05E400C64041 /* extensionNotification.appex */; settings = {ATTRIBUTES = (RemoveHeadersOnCopy, ); }; };
		905B3F3320AC09AB00C64041 /* 1.png in Resources */ = {isa = PBXBuildFile; fileRef = 905B3F3220AC09AB00C64041 /* 1.png */; };
/* End PBXBuildFile section */

/* Begin PBXContainerItemProxy section */
		905B3EFB20AC045D00C64041 /* PBXContainerItemProxy */ = {
			isa = PBXContainerItemProxy;
			containerPortal = 905B3EDA20AC045B00C64041 /* Project object */;
			proxyType = 1;
			remoteGlobalIDString = 905B3EE120AC045B00C64041;
			remoteInfo = CustomUIExtensionNotification;
		};
		905B3F0620AC045D00C64041 /* PBXContainerItemProxy */ = {
			isa = PBXContainerItemProxy;
			containerPortal = 905B3EDA20AC045B00C64041 /* Project object */;
			proxyType = 1;
			remoteGlobalIDString = 905B3EE120AC045B00C64041;
			remoteInfo = CustomUIExtensionNotification;
		};
		905B3F2B20AC05E500C64041 /* PBXContainerItemProxy */ = {
			isa = PBXContainerItemProxy;
			containerPortal = 905B3EDA20AC045B00C64041 /* Project object */;
			proxyType = 1;
			remoteGlobalIDString = 905B3F1F20AC05E400C64041;
			remoteInfo = extensionNotification;
		};
/* End PBXContainerItemProxy section */

/* Begin PBXCopyFilesBuildPhase section */
		905B3F2D20AC05E500C64041 /* Embed App Extensions */ = {
			isa = PBXCopyFilesBuildPhase;
			buildActionMask = 2147483647;
			dstPath = "";
			dstSubfolderSpec = 13;
			files = (
				905B3F2E20AC05E500C64041 /* extensionNotification.appex in Embed App Extensions */,
			);
			name = "Embed App Extensions";
			runOnlyForDeploymentPostprocessing = 0;
		};
/* End PBXCopyFilesBuildPhase section */

/* Begin PBXFileReference section */
		905B3EE220AC045B00C64041 /* CustomUIExtensionNotification.app */ = {isa = PBXFileReference; explicitFileType = wrapper.application; includeInIndex = 0; path = CustomUIExtensionNotification.app; sourceTree = BUILT_PRODUCTS_DIR; };
		905B3EE520AC045B00C64041 /* AppDelegate.h */ = {isa = PBXFileReference; lastKnownFileType = sourcecode.c.h; path = AppDelegate.h; sourceTree = "<group>"; };
		905B3EE620AC045B00C64041 /* AppDelegate.m */ = {isa = PBXFileReference; lastKnownFileType = sourcecode.c.objc; path = AppDelegate.m; sourceTree = "<group>"; };
		905B3EE820AC045B00C64041 /* ViewController.h */ = {isa = PBXFileReference; lastKnownFileType = sourcecode.c.h; path = ViewController.h; sourceTree = "<group>"; };
		905B3EE920AC045B00C64041 /* ViewController.m */ = {isa = PBXFileReference; lastKnownFileType = sourcecode.c.objc; path = ViewController.m; sourceTree = "<group>"; };
		905B3EEC20AC045B00C64041 /* Base */ = {isa = PBXFileReference; lastKnownFileType = file.storyboard; name = Base; path = Base.lproj/Main.storyboard; sourceTree = "<group>"; };
		905B3EEE20AC045D00C64041 /* Assets.xcassets */ = {isa = PBXFileReference; lastKnownFileType = folder.assetcatalog; path = Assets.xcassets; sourceTree = "<group>"; };
		905B3EF120AC045D00C64041 /* Base */ = {isa = PBXFileReference; lastKnownFileType = file.storyboard; name = Base; path = Base.lproj/LaunchScreen.storyboard; sourceTree = "<group>"; };
		905B3EF320AC045D00C64041 /* Info.plist */ = {isa = PBXFileReference; lastKnownFileType = text.plist.xml; path = Info.plist; sourceTree = "<group>"; };
		905B3EF420AC045D00C64041 /* main.m */ = {isa = PBXFileReference; lastKnownFileType = sourcecode.c.objc; path = main.m; sourceTree = "<group>"; };
		905B3EFA20AC045D00C64041 /* CustomUIExtensionNotificationTests.xctest */ = {isa = PBXFileReference; explicitFileType = wrapper.cfbundle; includeInIndex = 0; path = CustomUIExtensionNotificationTests.xctest; sourceTree = BUILT_PRODUCTS_DIR; };
		905B3EFE20AC045D00C64041 /* CustomUIExtensionNotificationTests.m */ = {isa = PBXFileReference; lastKnownFileType = sourcecode.c.objc; path = CustomUIExtensionNotificationTests.m; sourceTree = "<group>"; };
		905B3F0020AC045D00C64041 /* Info.plist */ = {isa = PBXFileReference; lastKnownFileType = text.plist.xml; path = Info.plist; sourceTree = "<group>"; };
		905B3F0520AC045D00C64041 /* CustomUIExtensionNotificationUITests.xctest */ = {isa = PBXFileReference; explicitFileType = wrapper.cfbundle; includeInIndex = 0; path = CustomUIExtensionNotificationUITests.xctest; sourceTree = BUILT_PRODUCTS_DIR; };
		905B3F0920AC045D00C64041 /* CustomUIExtensionNotificationUITests.m */ = {isa = PBXFileReference; lastKnownFileType = sourcecode.c.objc; path = CustomUIExtensionNotificationUITests.m; sourceTree = "<group>"; };
		905B3F0B20AC045D00C64041 /* Info.plist */ = {isa = PBXFileReference; lastKnownFileType = text.plist.xml; path = Info.plist; sourceTree = "<group>"; };
		905B3F1820AC04A400C64041 /* UserNotifications.framework */ = {isa = PBXFileReference; lastKnownFileType = wrapper.framework; name = UserNotifications.framework; path = System/Library/Frameworks/UserNotifications.framework; sourceTree = SDKROOT; };
		905B3F1A20AC04A900C64041 /* UserNotificationsUI.framework */ = {isa = PBXFileReference; lastKnownFileType = wrapper.framework; name = UserNotificationsUI.framework; path = System/Library/Frameworks/UserNotificationsUI.framework; sourceTree = SDKROOT; };
		905B3F2020AC05E400C64041 /* extensionNotification.appex */ = {isa = PBXFileReference; explicitFileType = "wrapper.app-extension"; includeInIndex = 0; path = extensionNotification.appex; sourceTree = BUILT_PRODUCTS_DIR; };
		905B3F2420AC05E500C64041 /* NotificationViewController.h */ = {isa = PBXFileReference; lastKnownFileType = sourcecode.c.h; path = NotificationViewController.h; sourceTree = "<group>"; };
		905B3F2520AC05E500C64041 /* NotificationViewController.m */ = {isa = PBXFileReference; lastKnownFileType = sourcecode.c.objc; path = NotificationViewController.m; sourceTree = "<group>"; };
		905B3F2820AC05E500C64041 /* Base */ = {isa = PBXFileReference; lastKnownFileType = file.storyboard; name = Base; path = Base.lproj/MainInterface.storyboard; sourceTree = "<group>"; };
		905B3F2A20AC05E500C64041 /* Info.plist */ = {isa = PBXFileReference; lastKnownFileType = text.plist.xml; path = Info.plist; sourceTree = "<group>"; };
		905B3F3220AC09AB00C64041 /* 1.png */ = {isa = PBXFileReference; lastKnownFileType = image.png; path = 1.png; sourceTree = "<group>"; };
/* End PBXFileReference section */

/* Begin PBXFrameworksBuildPhase section */
		905B3EDF20AC045B00C64041 /* Frameworks */ = {
			isa = PBXFrameworksBuildPhase;
			buildActionMask = 2147483647;
			files = (
				905B3F1B20AC04A900C64041 /* UserNotificationsUI.framework in Frameworks */,
				905B3F1920AC04A400C64041 /* UserNotifications.framework in Frameworks */,
			);
			runOnlyForDeploymentPostprocessing = 0;
		};
		905B3EF720AC045D00C64041 /* Frameworks */ = {
			isa = PBXFrameworksBuildPhase;
			buildActionMask = 2147483647;
			files = (
			);
			runOnlyForDeploymentPostprocessing = 0;
		};
		905B3F0220AC045D00C64041 /* Frameworks */ = {
			isa = PBXFrameworksBuildPhase;
			buildActionMask = 2147483647;
			files = (
			);
			runOnlyForDeploymentPostprocessing = 0;
		};
		905B3F1D20AC05E400C64041 /* Frameworks */ = {
			isa = PBXFrameworksBuildPhase;
			buildActionMask = 2147483647;
			files = (
				905B3F2220AC05E400C64041 /* UserNotificationsUI.framework in Frameworks */,
				905B3F2120AC05E400C64041 /* UserNotifications.framework in Frameworks */,
			);
			runOnlyForDeploymentPostprocessing = 0;
		};
/* End PBXFrameworksBuildPhase section */

/* Begin PBXGroup section */
		905B3ED920AC045B00C64041 = {
			isa = PBXGroup;
			children = (
				905B3EE420AC045B00C64041 /* CustomUIExtensionNotification */,
				905B3EFD20AC045D00C64041 /* CustomUIExtensionNotificationTests */,
				905B3F0820AC045D00C64041 /* CustomUIExtensionNotificationUITests */,
				905B3F2320AC05E500C64041 /* extensionNotification */,
				905B3EE320AC045B00C64041 /* Products */,
				905B3F1720AC04A300C64041 /* Frameworks */,
			);
			sourceTree = "<group>";
		};
		905B3EE320AC045B00C64041 /* Products */ = {
			isa = PBXGroup;
			children = (
				905B3EE220AC045B00C64041 /* CustomUIExtensionNotification.app */,
				905B3EFA20AC045D00C64041 /* CustomUIExtensionNotificationTests.xctest */,
				905B3F0520AC045D00C64041 /* CustomUIExtensionNotificationUITests.xctest */,
				905B3F2020AC05E400C64041 /* extensionNotification.appex */,
			);
			name = Products;
			sourceTree = "<group>";
		};
		905B3EE420AC045B00C64041 /* CustomUIExtensionNotification */ = {
			isa = PBXGroup;
			children = (
				905B3EE520AC045B00C64041 /* AppDelegate.h */,
				905B3F3220AC09AB00C64041 /* 1.png */,
				905B3EE620AC045B00C64041 /* AppDelegate.m */,
				905B3EE820AC045B00C64041 /* ViewController.h */,
				905B3EE920AC045B00C64041 /* ViewController.m */,
				905B3EEB20AC045B00C64041 /* Main.storyboard */,
				905B3EEE20AC045D00C64041 /* Assets.xcassets */,
				905B3EF020AC045D00C64041 /* LaunchScreen.storyboard */,
				905B3EF320AC045D00C64041 /* Info.plist */,
				905B3EF420AC045D00C64041 /* main.m */,
			);
			path = CustomUIExtensionNotification;
			sourceTree = "<group>";
		};
		905B3EFD20AC045D00C64041 /* CustomUIExtensionNotificationTests */ = {
			isa = PBXGroup;
			children = (
				905B3EFE20AC045D00C64041 /* CustomUIExtensionNotificationTests.m */,
				905B3F0020AC045D00C64041 /* Info.plist */,
			);
			path = CustomUIExtensionNotificationTests;
			sourceTree = "<group>";
		};
		905B3F0820AC045D00C64041 /* CustomUIExtensionNotificationUITests */ = {
			isa = PBXGroup;
			children = (
				905B3F0920AC045D00C64041 /* CustomUIExtensionNotificationUITests.m */,
				905B3F0B20AC045D00C64041 /* Info.plist */,
			);
			path = CustomUIExtensionNotificationUITests;
			sourceTree = "<group>";
		};
		905B3F1720AC04A300C64041 /* Frameworks */ = {
			isa = PBXGroup;
			children = (
				905B3F1A20AC04A900C64041 /* UserNotificationsUI.framework */,
				905B3F1820AC04A400C64041 /* UserNotifications.framework */,
			);
			name = Frameworks;
			sourceTree = "<group>";
		};
		905B3F2320AC05E500C64041 /* extensionNotification */ = {
			isa = PBXGroup;
			children = (
				905B3F2420AC05E500C64041 /* NotificationViewController.h */,
				905B3F2520AC05E500C64041 /* NotificationViewController.m */,
				905B3F2720AC05E500C64041 /* MainInterface.storyboard */,
				905B3F2A20AC05E500C64041 /* Info.plist */,
			);
			path = extensionNotification;
			sourceTree = "<group>";
		};
/* End PBXGroup section */

/* Begin PBXNativeTarget section */
		905B3EE120AC045B00C64041 /* CustomUIExtensionNotification */ = {
			isa = PBXNativeTarget;
			buildConfigurationList = 905B3F0E20AC045D00C64041 /* Build configuration list for PBXNativeTarget "CustomUIExtensionNotification" */;
			buildPhases = (
				905B3EDE20AC045B00C64041 /* Sources */,
				905B3EDF20AC045B00C64041 /* Frameworks */,
				905B3EE020AC045B00C64041 /* Resources */,
				905B3F2D20AC05E500C64041 /* Embed App Extensions */,
			);
			buildRules = (
			);
			dependencies = (
				905B3F2C20AC05E500C64041 /* PBXTargetDependency */,
			);
			name = CustomUIExtensionNotification;
			productName = CustomUIExtensionNotification;
			productReference = 905B3EE220AC045B00C64041 /* CustomUIExtensionNotification.app */;
			productType = "com.apple.product-type.application";
		};
		905B3EF920AC045D00C64041 /* CustomUIExtensionNotificationTests */ = {
			isa = PBXNativeTarget;
			buildConfigurationList = 905B3F1120AC045D00C64041 /* Build configuration list for PBXNativeTarget "CustomUIExtensionNotificationTests" */;
			buildPhases = (
				905B3EF620AC045D00C64041 /* Sources */,
				905B3EF720AC045D00C64041 /* Frameworks */,
				905B3EF820AC045D00C64041 /* Resources */,
			);
			buildRules = (
			);
			dependencies = (
				905B3EFC20AC045D00C64041 /* PBXTargetDependency */,
			);
			name = CustomUIExtensionNotificationTests;
			productName = CustomUIExtensionNotificationTests;
			productReference = 905B3EFA20AC045D00C64041 /* CustomUIExtensionNotificationTests.xctest */;
			productType = "com.apple.product-type.bundle.unit-test";
		};
		905B3F0420AC045D00C64041 /* CustomUIExtensionNotificationUITests */ = {
			isa = PBXNativeTarget;
			buildConfigurationList = 905B3F1420AC045D00C64041 /* Build configuration list for PBXNativeTarget "CustomUIExtensionNotificationUITests" */;
			buildPhases = (
				905B3F0120AC045D00C64041 /* Sources */,
				905B3F0220AC045D00C64041 /* Frameworks */,
				905B3F0320AC045D00C64041 /* Resources */,
			);
			buildRules = (
			);
			dependencies = (
				905B3F0720AC045D00C64041 /* PBXTargetDependency */,
			);
			name = CustomUIExtensionNotificationUITests;
			productName = CustomUIExtensionNotificationUITests;
			productReference = 905B3F0520AC045D00C64041 /* CustomUIExtensionNotificationUITests.xctest */;
			productType = "com.apple.product-type.bundle.ui-testing";
		};
		905B3F1F20AC05E400C64041 /* extensionNotification */ = {
			isa = PBXNativeTarget;
			buildConfigurationList = 905B3F2F20AC05E500C64041 /* Build configuration list for PBXNativeTarget "extensionNotification" */;
			buildPhases = (
				905B3F1C20AC05E400C64041 /* Sources */,
				905B3F1D20AC05E400C64041 /* Frameworks */,
				905B3F1E20AC05E400C64041 /* Resources */,
			);
			buildRules = (
			);
			dependencies = (
			);
			name = extensionNotification;
			productName = extensionNotification;
			productReference = 905B3F2020AC05E400C64041 /* extensionNotification.appex */;
			productType = "com.apple.product-type.app-extension";
		};
/* End PBXNativeTarget section */

/* Begin PBXProject section */
		905B3EDA20AC045B00C64041 /* Project object */ = {
			isa = PBXProject;
			attributes = {
				LastUpgradeCheck = 0930;
				ORGANIZATIONNAME = fengxin;
				TargetAttributes = {
					905B3EE120AC045B00C64041 = {
						CreatedOnToolsVersion = 9.3;
					};
					905B3EF920AC045D00C64041 = {
						CreatedOnToolsVersion = 9.3;
						TestTargetID = 905B3EE120AC045B00C64041;
					};
					905B3F0420AC045D00C64041 = {
						CreatedOnToolsVersion = 9.3;
						TestTargetID = 905B3EE120AC045B00C64041;
					};
					905B3F1F20AC05E400C64041 = {
						CreatedOnToolsVersion = 9.3;
					};
				};
			};
			buildConfigurationList = 905B3EDD20AC045B00C64041 /* Build configuration list for PBXProject "CustomUIExtensionNotification" */;
			compatibilityVersion = "Xcode 9.3";
			developmentRegion = en;
			hasScannedForEncodings = 0;
			knownRegions = (
				en,
				Base,
			);
			mainGroup = 905B3ED920AC045B00C64041;
			productRefGroup = 905B3EE320AC045B00C64041 /* Products */;
			projectDirPath = "";
			projectRoot = "";
			targets = (
				905B3EE120AC045B00C64041 /* CustomUIExtensionNotification */,
				905B3EF920AC045D00C64041 /* CustomUIExtensionNotificationTests */,
				905B3F0420AC045D00C64041 /* CustomUIExtensionNotificationUITests */,
				905B3F1F20AC05E400C64041 /* extensionNotification */,
			);
		};
/* End PBXProject section */

/* Begin PBXResourcesBuildPhase section */
		905B3EE020AC045B00C64041 /* Resources */ = {
			isa = PBXResourcesBuildPhase;
			buildActionMask = 2147483647;
			files = (
				905B3EF220AC045D00C64041 /* LaunchScreen.storyboard in Resources */,
				905B3F3320AC09AB00C64041 /* 1.png in Resources */,
				905B3EEF20AC045D00C64041 /* Assets.xcassets in Resources */,
				905B3EED20AC045B00C64041 /* Main.storyboard in Resources */,
			);
			runOnlyForDeploymentPostprocessing = 0;
		};
		905B3EF820AC045D00C64041 /* Resources */ = {
			isa = PBXResourcesBuildPhase;
			buildActionMask = 2147483647;
			files = (
			);
			runOnlyForDeploymentPostprocessing = 0;
		};
		905B3F0320AC045D00C64041 /* Resources */ = {
			isa = PBXResourcesBuildPhase;
			buildActionMask = 2147483647;
			files = (
			);
			runOnlyForDeploymentPostprocessing = 0;
		};
		905B3F1E20AC05E400C64041 /* Resources */ = {
			isa = PBXResourcesBuildPhase;
			buildActionMask = 2147483647;
			files = (
				905B3F2920AC05E500C64041 /* MainInterface.storyboard in Resources */,
			);
			runOnlyForDeploymentPostprocessing = 0;
		};
/* End PBXResourcesBuildPhase section */

/* Begin PBXSourcesBuildPhase section */
		905B3EDE20AC045B00C64041 /* Sources */ = {
			isa = PBXSourcesBuildPhase;
			buildActionMask = 2147483647;
			files = (
				905B3EEA20AC045B00C64041 /* ViewController.m in Sources */,
				905B3EF520AC045D00C64041 /* main.m in Sources */,
				905B3EE720AC045B00C64041 /* AppDelegate.m in Sources */,
			);
			runOnlyForDeploymentPostprocessing = 0;
		};
		905B3EF620AC045D00C64041 /* Sources */ = {
			isa = PBXSourcesBuildPhase;
			buildActionMask = 2147483647;
			files = (
				905B3EFF20AC045D00C64041 /* CustomUIExtensionNotificationTests.m in Sources */,
			);
			runOnlyForDeploymentPostprocessing = 0;
		};
		905B3F0120AC045D00C64041 /* Sources */ = {
			isa = PBXSourcesBuildPhase;
			buildActionMask = 2147483647;
			files = (
				905B3F0A20AC045D00C64041 /* CustomUIExtensionNotificationUITests.m in Sources */,
			);
			runOnlyForDeploymentPostprocessing = 0;
		};
		905B3F1C20AC05E400C64041 /* Sources */ = {
			isa = PBXSourcesBuildPhase;
			buildActionMask = 2147483647;
			files = (
				905B3F2620AC05E500C64041 /* NotificationViewController.m in Sources */,
			);
			runOnlyForDeploymentPostprocessing = 0;
		};
/* End PBXSourcesBuildPhase section */

/* Begin PBXTargetDependency section */
		905B3EFC20AC045D00C64041 /* PBXTargetDependency */ = {
			isa = PBXTargetDependency;
			target = 905B3EE120AC045B00C64041 /* CustomUIExtensionNotification */;
			targetProxy = 905B3EFB20AC045D00C64041 /* PBXContainerItemProxy */;
		};
		905B3F0720AC045D00C64041 /* PBXTargetDependency */ = {
			isa = PBXTargetDependency;
			target = 905B3EE120AC045B00C64041 /* CustomUIExtensionNotification */;
			targetProxy = 905B3F0620AC045D00C64041 /* PBXContainerItemProxy */;
		};
		905B3F2C20AC05E500C64041 /* PBXTargetDependency */ = {
			isa = PBXTargetDependency;
			target = 905B3F1F20AC05E400C64041 /* extensionNotification */;
			targetProxy = 905B3F2B20AC05E500C64041 /* PBXContainerItemProxy */;
		};
/* End PBXTargetDependency section */

/* Begin PBXVariantGroup section */
		905B3EEB20AC045B00C64041 /* Main.storyboard */ = {
			isa = PBXVariantGroup;
			children = (
				905B3EEC20AC045B00C64041 /* Base */,
			);
			name = Main.storyboard;
			sourceTree = "<group>";
		};
		905B3EF020AC045D00C64041 /* LaunchScreen.storyboard */ = {
			isa = PBXVariantGroup;
			children = (
				905B3EF120AC045D00C64041 /* Base */,
			);
			name = LaunchScreen.storyboard;
			sourceTree = "<group>";
		};
		905B3F2720AC05E500C64041 /* MainInterface.storyboard */ = {
			isa = PBXVariantGroup;
			children = (
				905B3F2820AC05E500C64041 /* Base */,
			);
			name = MainInterface.storyboard;
			sourceTree = "<group>";
		};
/* End PBXVariantGroup section */

/* Begin XCBuildConfiguration section */
		905B3F0C20AC045D00C64041 /* Debug */ = {
			isa = XCBuildConfiguration;
			buildSettings = {
				ALWAYS_SEARCH_USER_PATHS = NO;
				CLANG_ANALYZER_NONNULL = YES;
				CLANG_ANALYZER_NUMBER_OBJECT_CONVERSION = YES_AGGRESSIVE;
				CLANG_CXX_LANGUAGE_STANDARD = "gnu++14";
				CLANG_CXX_LIBRARY = "libc++";
				CLANG_ENABLE_MODULES = YES;
				CLANG_ENABLE_OBJC_ARC = YES;
				CLANG_ENABLE_OBJC_WEAK = YES;
				CLANG_WARN_BLOCK_CAPTURE_AUTORELEASING = YES;
				CLANG_WARN_BOOL_CONVERSION = YES;
				CLANG_WARN_COMMA = YES;
				CLANG_WARN_CONSTANT_CONVERSION = YES;
				CLANG_WARN_DEPRECATED_OBJC_IMPLEMENTATIONS = YES;
				CLANG_WARN_DIRECT_OBJC_ISA_USAGE = YES_ERROR;
				CLANG_WARN_DOCUMENTATION_COMMENTS = YES;
				CLANG_WARN_EMPTY_BODY = YES;
				CLANG_WARN_ENUM_CONVERSION = YES;
				CLANG_WARN_INFINITE_RECURSION = YES;
				CLANG_WARN_INT_CONVERSION = YES;
				CLANG_WARN_NON_LITERAL_NULL_CONVERSION = YES;
				CLANG_WARN_OBJC_IMPLICIT_RETAIN_SELF = YES;
				CLANG_WARN_OBJC_LITERAL_CONVERSION = YES;
				CLANG_WARN_OBJC_ROOT_CLASS = YES_ERROR;
				CLANG_WARN_RANGE_LOOP_ANALYSIS = YES;
				CLANG_WARN_STRICT_PROTOTYPES = YES;
				CLANG_WARN_SUSPICIOUS_MOVE = YES;
				CLANG_WARN_UNGUARDED_AVAILABILITY = YES_AGGRESSIVE;
				CLANG_WARN_UNREACHABLE_CODE = YES;
				CLANG_WARN__DUPLICATE_METHOD_MATCH = YES;
				CODE_SIGN_IDENTITY = "iPhone Developer";
				COPY_PHASE_STRIP = NO;
				DEBUG_INFORMATION_FORMAT = dwarf;
				ENABLE_STRICT_OBJC_MSGSEND = YES;
				ENABLE_TESTABILITY = YES;
				GCC_C_LANGUAGE_STANDARD = gnu11;
				GCC_DYNAMIC_NO_PIC = NO;
				GCC_NO_COMMON_BLOCKS = YES;
				GCC_OPTIMIZATION_LEVEL = 0;
				GCC_PREPROCESSOR_DEFINITIONS = (
					"DEBUG=1",
					"$(inherited)",
				);
				GCC_WARN_64_TO_32_BIT_CONVERSION = YES;
				GCC_WARN_ABOUT_RETURN_TYPE = YES_ERROR;
				GCC_WARN_UNDECLARED_SELECTOR = YES;
				GCC_WARN_UNINITIALIZED_AUTOS = YES_AGGRESSIVE;
				GCC_WARN_UNUSED_FUNCTION = YES;
				GCC_WARN_UNUSED_VARIABLE = YES;
				IPHONEOS_DEPLOYMENT_TARGET = 11.3;
				MTL_ENABLE_DEBUG_INFO = YES;
				ONLY_ACTIVE_ARCH = YES;
				SDKROOT = iphoneos;
			};
			name = Debug;
		};
		905B3F0D20AC045D00C64041 /* Release */ = {
			isa = XCBuildConfiguration;
			buildSettings = {
				ALWAYS_SEARCH_USER_PATHS = NO;
				CLANG_ANALYZER_NONNULL = YES;
				CLANG_ANALYZER_NUMBER_OBJECT_CONVERSION = YES_AGGRESSIVE;
				CLANG_CXX_LANGUAGE_STANDARD = "gnu++14";
				CLANG_CXX_LIBRARY = "libc++";
				CLANG_ENABLE_MODULES = YES;
				CLANG_ENABLE_OBJC_ARC = YES;
				CLANG_ENABLE_OBJC_WEAK = YES;
				CLANG_WARN_BLOCK_CAPTURE_AUTORELEASING = YES;
				CLANG_WARN_BOOL_CONVERSION = YES;
				CLANG_WARN_COMMA = YES;
				CLANG_WARN_CONSTANT_CONVERSION = YES;
				CLANG_WARN_DEPRECATED_OBJC_IMPLEMENTATIONS = YES;
				CLANG_WARN_DIRECT_OBJC_ISA_USAGE = YES_ERROR;
				CLANG_WARN_DOCUMENTATION_COMMENTS = YES;
				CLANG_WARN_EMPTY_BODY = YES;
				CLANG_WARN_ENUM_CONVERSION = YES;
				CLANG_WARN_INFINITE_RECURSION = YES;
				CLANG_WARN_INT_CONVERSION = YES;
				CLANG_WARN_NON_LITERAL_NULL_CONVERSION = YES;
				CLANG_WARN_OBJC_IMPLICIT_RETAIN_SELF = YES;
				CLANG_WARN_OBJC_LITERAL_CONVERSION = YES;
				CLANG_WARN_OBJC_ROOT_CLASS = YES_ERROR;
				CLANG_WARN_RANGE_LOOP_ANALYSIS = YES;
				CLANG_WARN_STRICT_PROTOTYPES = YES;
				CLANG_WARN_SUSPICIOUS_MOVE = YES;
				CLANG_WARN_UNGUARDED_AVAILABILITY = YES_AGGRESSIVE;
				CLANG_WARN_UNREACHABLE_CODE = YES;
				CLANG_WARN__DUPLICATE_METHOD_MATCH = YES;
				CODE_SIGN_IDENTITY = "iPhone Developer";
				COPY_PHASE_STRIP = NO;
				DEBUG_INFORMATION_FORMAT = "dwarf-with-dsym";
				ENABLE_NS_ASSERTIONS = NO;
				ENABLE_STRICT_OBJC_MSGSEND = YES;
				GCC_C_LANGUAGE_STANDARD = gnu11;
				GCC_NO_COMMON_BLOCKS = YES;
				GCC_WARN_64_TO_32_BIT_CONVERSION = YES;
				GCC_WARN_ABOUT_RETURN_TYPE = YES_ERROR;
				GCC_WARN_UNDECLARED_SELECTOR = YES;
				GCC_WARN_UNINITIALIZED_AUTOS = YES_AGGRESSIVE;
				GCC_WARN_UNUSED_FUNCTION = YES;
				GCC_WARN_UNUSED_VARIABLE = YES;
				IPHONEOS_DEPLOYMENT_TARGET = 11.3;
				MTL_ENABLE_DEBUG_INFO = NO;
				SDKROOT = iphoneos;
				VALIDATE_PRODUCT = YES;
			};
			name = Release;
		};
		905B3F0F20AC045D00C64041 /* Debug */ = {
			isa = XCBuildConfiguration;
			buildSettings = {
				ASSETCATALOG_COMPILER_APPICON_NAME = AppIcon;
				CODE_SIGN_STYLE = Automatic;
				DEVELOPMENT_TEAM = 69S3XTRGHV;
				INFOPLIST_FILE = CustomUIExtensionNotification/Info.plist;
				IPHONEOS_DEPLOYMENT_TARGET = 10.0;
				LD_RUNPATH_SEARCH_PATHS = (
					"$(inherited)",
					"@executable_path/Frameworks",
				);
				PRODUCT_BUNDLE_IDENTIFIER = com.xinglin.www.CustomUIExtensionNotification;
				PRODUCT_NAME = "$(TARGET_NAME)";
				TARGETED_DEVICE_FAMILY = "1,2";
			};
			name = Debug;
		};
		905B3F1020AC045D00C64041 /* Release */ = {
			isa = XCBuildConfiguration;
			buildSettings = {
				ASSETCATALOG_COMPILER_APPICON_NAME = AppIcon;
				CODE_SIGN_STYLE = Automatic;
				DEVELOPMENT_TEAM = 69S3XTRGHV;
				INFOPLIST_FILE = CustomUIExtensionNotification/Info.plist;
				IPHONEOS_DEPLOYMENT_TARGET = 10.0;
				LD_RUNPATH_SEARCH_PATHS = (
					"$(inherited)",
					"@executable_path/Frameworks",
				);
				PRODUCT_BUNDLE_IDENTIFIER = com.xinglin.www.CustomUIExtensionNotification;
				PRODUCT_NAME = "$(TARGET_NAME)";
				TARGETED_DEVICE_FAMILY = "1,2";
			};
			name = Release;
		};
		905B3F1220AC045D00C64041 /* Debug */ = {
			isa = XCBuildConfiguration;
			buildSettings = {
				BUNDLE_LOADER = "$(TEST_HOST)";
				CODE_SIGN_STYLE = Automatic;
				DEVELOPMENT_TEAM = 69S3XTRGHV;
				INFOPLIST_FILE = CustomUIExtensionNotificationTests/Info.plist;
				LD_RUNPATH_SEARCH_PATHS = (
					"$(inherited)",
					"@executable_path/Frameworks",
					"@loader_path/Frameworks",
				);
				PRODUCT_BUNDLE_IDENTIFIER = com.xinglin.www.CustomUIExtensionNotificationTests;
				PRODUCT_NAME = "$(TARGET_NAME)";
				TARGETED_DEVICE_FAMILY = "1,2";
				TEST_HOST = "$(BUILT_PRODUCTS_DIR)/CustomUIExtensionNotification.app/CustomUIExtensionNotification";
			};
			name = Debug;
		};
		905B3F1320AC045D00C64041 /* Release */ = {
			isa = XCBuildConfiguration;
			buildSettings = {
				BUNDLE_LOADER = "$(TEST_HOST)";
				CODE_SIGN_STYLE = Automatic;
				DEVELOPMENT_TEAM = 69S3XTRGHV;
				INFOPLIST_FILE = CustomUIExtensionNotificationTests/Info.plist;
				LD_RUNPATH_SEARCH_PATHS = (
					"$(inherited)",
					"@executable_path/Frameworks",
					"@loader_path/Frameworks",
				);
				PRODUCT_BUNDLE_IDENTIFIER = com.xinglin.www.CustomUIExtensionNotificationTests;
				PRODUCT_NAME = "$(TARGET_NAME)";
				TARGETED_DEVICE_FAMILY = "1,2";
				TEST_HOST = "$(BUILT_PRODUCTS_DIR)/CustomUIExtensionNotification.app/CustomUIExtensionNotification";
			};
			name = Release;
		};
		905B3F1520AC045D00C64041 /* Debug */ = {
			isa = XCBuildConfiguration;
			buildSettings = {
				CODE_SIGN_STYLE = Automatic;
				DEVELOPMENT_TEAM = 69S3XTRGHV;
				INFOPLIST_FILE = CustomUIExtensionNotificationUITests/Info.plist;
				LD_RUNPATH_SEARCH_PATHS = (
					"$(inherited)",
					"@executable_path/Frameworks",
					"@loader_path/Frameworks",
				);
				PRODUCT_BUNDLE_IDENTIFIER = com.xinglin.www.CustomUIExtensionNotificationUITests;
				PRODUCT_NAME = "$(TARGET_NAME)";
				TARGETED_DEVICE_FAMILY = "1,2";
				TEST_TARGET_NAME = CustomUIExtensionNotification;
			};
			name = Debug;
		};
		905B3F1620AC045D00C64041 /* Release */ = {
			isa = XCBuildConfiguration;
			buildSettings = {
				CODE_SIGN_STYLE = Automatic;
				DEVELOPMENT_TEAM = 69S3XTRGHV;
				INFOPLIST_FILE = CustomUIExtensionNotificationUITests/Info.plist;
				LD_RUNPATH_SEARCH_PATHS = (
					"$(inherited)",
					"@executable_path/Frameworks",
					"@loader_path/Frameworks",
				);
				PRODUCT_BUNDLE_IDENTIFIER = com.xinglin.www.CustomUIExtensionNotificationUITests;
				PRODUCT_NAME = "$(TARGET_NAME)";
				TARGETED_DEVICE_FAMILY = "1,2";
				TEST_TARGET_NAME = CustomUIExtensionNotification;
			};
			name = Release;
		};
		905B3F3020AC05E500C64041 /* Debug */ = {
			isa = XCBuildConfiguration;
			buildSettings = {
				CODE_SIGN_STYLE = Automatic;
				DEVELOPMENT_TEAM = 69S3XTRGHV;
				INFOPLIST_FILE = extensionNotification/Info.plist;
				LD_RUNPATH_SEARCH_PATHS = (
					"$(inherited)",
					"@executable_path/Frameworks",
					"@executable_path/../../Frameworks",
				);
				PRODUCT_BUNDLE_IDENTIFIER = com.xinglin.www.CustomUIExtensionNotification.extensionNotification;
				PRODUCT_NAME = "$(TARGET_NAME)";
				SKIP_INSTALL = YES;
				TARGETED_DEVICE_FAMILY = "1,2";
			};
			name = Debug;
		};
		905B3F3120AC05E500C64041 /* Release */ = {
			isa = XCBuildConfiguration;
			buildSettings = {
				CODE_SIGN_STYLE = Automatic;
				DEVELOPMENT_TEAM = 69S3XTRGHV;
				INFOPLIST_FILE = extensionNotification/Info.plist;
				LD_RUNPATH_SEARCH_PATHS = (
					"$(inherited)",
					"@executable_path/Frameworks",
					"@executable_path/../../Frameworks",
				);
				PRODUCT_BUNDLE_IDENTIFIER = com.xinglin.www.CustomUIExtensionNotification.extensionNotification;
				PRODUCT_NAME = "$(TARGET_NAME)";
				SKIP_INSTALL = YES;
				TARGETED_DEVICE_FAMILY = "1,2";
			};
			name = Release;
		};
/* End XCBuildConfiguration section */

/* Begin XCConfigurationList section */
		905B3EDD20AC045B00C64041 /* Build configuration list for PBXProject "CustomUIExtensionNotification" */ = {
			isa = XCConfigurationList;
			buildConfigurations = (
				905B3F0C20AC045D00C64041 /* Debug */,
				905B3F0D20AC045D00C64041 /* Release */,
			);
			defaultConfigurationIsVisible = 0;
			defaultConfigurationName = Release;
		};
		905B3F0E20AC045D00C64041 /* Build configuration list for PBXNativeTarget "CustomUIExtensionNotification" */ = {
			isa = XCConfigurationList;
			buildConfigurations = (
				905B3F0F20AC045D00C64041 /* Debug */,
				905B3F1020AC045D00C64041 /* Release */,
			);
			defaultConfigurationIsVisible = 0;
			defaultConfigurationName = Release;
		};
		905B3F1120AC045D00C64041 /* Build configuration list for PBXNativeTarget "CustomUIExtensionNotificationTests" */ = {
			isa = XCConfigurationList;
			buildConfigurations = (
				905B3F1220AC045D00C64041 /* Debug */,
				905B3F1320AC045D00C64041 /* Release */,
			);
			defaultConfigurationIsVisible = 0;
			defaultConfigurationName = Release;
		};
		905B3F1420AC045D00C64041 /* Build configuration list for PBXNativeTarget "CustomUIExtensionNotificationUITests" */ = {
			isa = XCConfigurationList;
			buildConfigurations = (
				905B3F1520AC045D00C64041 /* Debug */,
				905B3F1620AC045D00C64041 /* Release */,
			);
			defaultConfigurationIsVisible = 0;
			defaultConfigurationName = Release;
		};
		905B3F2F20AC05E500C64041 /* Build configuration list for PBXNativeTarget "extensionNotification" */ = {
			isa = XCConfigurationList;
			buildConfigurations = (
				905B3F3020AC05E500C64041 /* Debug */,
				905B3F3120AC05E500C64041 /* Release */,
			);
			defaultConfigurationIsVisible = 0;
			defaultConfigurationName = Release;
		};
/* End XCConfigurationList section */
	};
	rootObject = 905B3EDA20AC045B00C64041 /* Project object */;
}
